// !$*UTF8*$!
{
	archiveVersion = 1;
	classes = {
	};
	objectVersion = 46;
	objects = {

/* Begin PBXBuildFile section */
		5A1DF312225486C100E981D3 /* libc++.tbd in Frameworks */ = {isa = PBXBuildFile; fileRef = 5A1DF311225486C100E981D3 /* libc++.tbd */; };
		5A1DF46E2254AB2000E981D3 /* pbkdf2.cpp in Sources */ = {isa = PBXBuildFile; fileRef = 5A1DF3FF2254AB2000E981D3 /* pbkdf2.cpp */; };
		5A1DF46F2254AB2000E981D3 /* hasher.cpp in Sources */ = {isa = PBXBuildFile; fileRef = 5A1DF4002254AB2000E981D3 /* hasher.cpp */; };
		5A1DF4702254AB2000E981D3 /* base58.cpp in Sources */ = {isa = PBXBuildFile; fileRef = 5A1DF4032254AB2000E981D3 /* base58.cpp */; };
		5A1DF4712254AB2000E981D3 /* script.cpp in Sources */ = {isa = PBXBuildFile; fileRef = 5A1DF4062254AB2000E981D3 /* script.cpp */; };
		5A1DF4732254AB2000E981D3 /* bignum.cpp in Sources */ = {isa = PBXBuildFile; fileRef = 5A1DF40B2254AB2000E981D3 /* bignum.cpp */; };
		5A1DF4742254AB2000E981D3 /* memzero.cpp in Sources */ = {isa = PBXBuildFile; fileRef = 5A1DF40C2254AB2000E981D3 /* memzero.cpp */; };
		5A1DF4752254AB2000E981D3 /* rc4.cpp in Sources */ = {isa = PBXBuildFile; fileRef = 5A1DF40E2254AB2000E981D3 /* rc4.cpp */; };
		5A1DF4762254AB2000E981D3 /* blake2b.cpp in Sources */ = {isa = PBXBuildFile; fileRef = 5A1DF40F2254AB2000E981D3 /* blake2b.cpp */; };
		5A1DF4772254AB2000E981D3 /* rfc6979.cpp in Sources */ = {isa = PBXBuildFile; fileRef = 5A1DF4112254AB2000E981D3 /* rfc6979.cpp */; };
		5A1DF4782254AB2000E981D3 /* sha2.cpp in Sources */ = {isa = PBXBuildFile; fileRef = 5A1DF4132254AB2000E981D3 /* sha2.cpp */; };
		5A1DF4792254AB2000E981D3 /* blake2s.cpp in Sources */ = {isa = PBXBuildFile; fileRef = 5A1DF4152254AB2000E981D3 /* blake2s.cpp */; };
		5A1DF47A2254AB2000E981D3 /* sha3.cpp in Sources */ = {isa = PBXBuildFile; fileRef = 5A1DF4162254AB2000E981D3 /* sha3.cpp */; };
		5A1DF47B2254AB2000E981D3 /* hmac.cpp in Sources */ = {isa = PBXBuildFile; fileRef = 5A1DF41B2254AB2000E981D3 /* hmac.cpp */; };
		5A1DF47C2254AB2000E981D3 /* ecdsa.cpp in Sources */ = {isa = PBXBuildFile; fileRef = 5A1DF41C2254AB2000E981D3 /* ecdsa.cpp */; };
		5A1DF47D2254AB2000E981D3 /* rand.cpp in Sources */ = {isa = PBXBuildFile; fileRef = 5A1DF41E2254AB2000E981D3 /* rand.cpp */; };
		5A1DF47E2254AB2000E981D3 /* address.cpp in Sources */ = {isa = PBXBuildFile; fileRef = 5A1DF4222254AB2000E981D3 /* address.cpp */; };
		5A1DF47F2254AB2000E981D3 /* blake256.cpp in Sources */ = {isa = PBXBuildFile; fileRef = 5A1DF4262254AB2000E981D3 /* blake256.cpp */; };
		5A1DF4802254AB2000E981D3 /* ripemd160.cpp in Sources */ = {isa = PBXBuildFile; fileRef = 5A1DF42B2254AB2000E981D3 /* ripemd160.cpp */; };
		5A1DF4812254AB2000E981D3 /* bip39.cpp in Sources */ = {isa = PBXBuildFile; fileRef = 5A1DF42D2254AB2000E981D3 /* bip39.cpp */; };
		5A1DF4822254AB2000E981D3 /* secp256k1.cpp in Sources */ = {isa = PBXBuildFile; fileRef = 5A1DF4312254AB2000E981D3 /* secp256k1.cpp */; };
		5A1DF4832254AB2000E981D3 /* curves.cpp in Sources */ = {isa = PBXBuildFile; fileRef = 5A1DF4322254AB2000E981D3 /* curves.cpp */; };
		5A1DF4842254AB2000E981D3 /* groestl.cpp in Sources */ = {isa = PBXBuildFile; fileRef = 5A1DF4332254AB2000E981D3 /* groestl.cpp */; };
		5A1DF4852254AB2000E981D3 /* hmac_sha256.cpp in Sources */ = {isa = PBXBuildFile; fileRef = 5A1DF4382254AB2000E981D3 /* hmac_sha256.cpp */; };
		5A1DF4862254AB2000E981D3 /* sha512.cpp in Sources */ = {isa = PBXBuildFile; fileRef = 5A1DF43B2254AB2000E981D3 /* sha512.cpp */; };
		5A1DF4872254AB2000E981D3 /* hmac_sha512.cpp in Sources */ = {isa = PBXBuildFile; fileRef = 5A1DF43E2254AB2000E981D3 /* hmac_sha512.cpp */; };
		5A1DF4882254AB2000E981D3 /* sha256.cpp in Sources */ = {isa = PBXBuildFile; fileRef = 5A1DF4402254AB2000E981D3 /* sha256.cpp */; };
		5A1DF4892254AB2000E981D3 /* sha256_sse4.cpp in Sources */ = {isa = PBXBuildFile; fileRef = 5A1DF4412254AB2000E981D3 /* sha256_sse4.cpp */; };
		5A1DF48A2254AB2000E981D3 /* wordlist.cpp in Sources */ = {isa = PBXBuildFile; fileRef = 5A1DF4422254AB2000E981D3 /* wordlist.cpp */; };
		5A1DF48B2254AB2000E981D3 /* mnemonic.cpp in Sources */ = {isa = PBXBuildFile; fileRef = 5A1DF4492254AB2000E981D3 /* mnemonic.cpp */; };
		5A1DF48C2254AB2000E981D3 /* utils.cpp in Sources */ = {isa = PBXBuildFile; fileRef = 5A1DF44D2254AB2000E981D3 /* utils.cpp */; };
		5A1DF48D2254AB2000E981D3 /* HDKeyEncoder.cpp in Sources */ = {isa = PBXBuildFile; fileRef = 5A1DF4502254AB2000E981D3 /* HDKeyEncoder.cpp */; };
		5A1DF48E2254AB2000E981D3 /* Bip39Mnemonic.cpp in Sources */ = {isa = PBXBuildFile; fileRef = 5A1DF4512254AB2000E981D3 /* Bip39Mnemonic.cpp */; };
		5A1DF48F2254AB2000E981D3 /* internal.cpp in Sources */ = {isa = PBXBuildFile; fileRef = 5A1DF4552254AB2000E981D3 /* internal.cpp */; };
		5A1DF4912254AB2000E981D3 /* bip39.cpp in Sources */ = {isa = PBXBuildFile; fileRef = 5A1DF4572254AB2000E981D3 /* bip39.cpp */; };
		5A1DF4922254AB2000E981D3 /* chinese_simplified.cpp in Sources */ = {isa = PBXBuildFile; fileRef = 5A1DF45D2254AB2000E981D3 /* chinese_simplified.cpp */; };
		5A1DF4932254AB2000E981D3 /* english.cpp in Sources */ = {isa = PBXBuildFile; fileRef = 5A1DF45E2254AB2000E981D3 /* english.cpp */; };
		5A1DF4942254AB2000E981D3 /* spanish.cpp in Sources */ = {isa = PBXBuildFile; fileRef = 5A1DF45F2254AB2000E981D3 /* spanish.cpp */; };
		5A1DF4952254AB2000E981D3 /* italian.cpp in Sources */ = {isa = PBXBuildFile; fileRef = 5A1DF4612254AB2000E981D3 /* italian.cpp */; };
		5A1DF4962254AB2000E981D3 /* japanese.cpp in Sources */ = {isa = PBXBuildFile; fileRef = 5A1DF4642254AB2000E981D3 /* japanese.cpp */; };
		5A1DF4972254AB2000E981D3 /* chinese_traditional.cpp in Sources */ = {isa = PBXBuildFile; fileRef = 5A1DF4662254AB2000E981D3 /* chinese_traditional.cpp */; };
		5A1DF4982254AB2000E981D3 /* french.cpp in Sources */ = {isa = PBXBuildFile; fileRef = 5A1DF46A2254AB2000E981D3 /* french.cpp */; };
		B3E7B58A1CC2AC0600A0062D /* PotatoCrypto.m in Sources */ = {isa = PBXBuildFile; fileRef = B3E7B5891CC2AC0600A0062D /* PotatoCrypto.m */; };
/* End PBXBuildFile section */

/* Begin PBXCopyFilesBuildPhase section */
		58B511D91A9E6C8500147676 /* CopyFiles */ = {
			isa = PBXCopyFilesBuildPhase;
			buildActionMask = 2147483647;
			dstPath = "include/$(PRODUCT_NAME)";
			dstSubfolderSpec = 16;
			files = (
			);
			runOnlyForDeploymentPostprocessing = 0;
		};
/* End PBXCopyFilesBuildPhase section */

/* Begin PBXFileReference section */
		134814201AA4EA6300B7C361 /* libPotatoCrypto.a */ = {isa = PBXFileReference; explicitFileType = archive.ar; includeInIndex = 0; path = libPotatoCrypto.a; sourceTree = BUILT_PRODUCTS_DIR; };
		5A1DF311225486C100E981D3 /* libc++.tbd */ = {isa = PBXFileReference; lastKnownFileType = "sourcecode.text-based-dylib-definition"; name = "libc++.tbd"; path = "usr/lib/libc++.tbd"; sourceTree = SDKROOT; };
		5A1DF3FB2254AB2000E981D3 /* groestl.h */ = {isa = PBXFileReference; fileEncoding = 4; lastKnownFileType = sourcecode.c.h; path = groestl.h; sourceTree = "<group>"; };
		5A1DF3FC2254AB2000E981D3 /* ripemd160.h */ = {isa = PBXFileReference; fileEncoding = 4; lastKnownFileType = sourcecode.c.h; path = ripemd160.h; sourceTree = "<group>"; };
		5A1DF3FD2254AB2000E981D3 /* script.h */ = {isa = PBXFileReference; fileEncoding = 4; lastKnownFileType = sourcecode.c.h; path = script.h; sourceTree = "<group>"; };
		5A1DF3FF2254AB2000E981D3 /* pbkdf2.cpp */ = {isa = PBXFileReference; fileEncoding = 4; lastKnownFileType = sourcecode.cpp.cpp; path = pbkdf2.cpp; sourceTree = "<group>"; };
		5A1DF4002254AB2000E981D3 /* hasher.cpp */ = {isa = PBXFileReference; fileEncoding = 4; lastKnownFileType = sourcecode.cpp.cpp; path = hasher.cpp; sourceTree = "<group>"; };
		5A1DF4012254AB2000E981D3 /* blake2b.h */ = {isa = PBXFileReference; fileEncoding = 4; lastKnownFileType = sourcecode.c.h; path = blake2b.h; sourceTree = "<group>"; };
		5A1DF4032254AB2000E981D3 /* base58.cpp */ = {isa = PBXFileReference; fileEncoding = 4; lastKnownFileType = sourcecode.cpp.cpp; path = base58.cpp; sourceTree = "<group>"; };
		5A1DF4042254AB2000E981D3 /* memzero.h */ = {isa = PBXFileReference; fileEncoding = 4; lastKnownFileType = sourcecode.c.h; path = memzero.h; sourceTree = "<group>"; };
		5A1DF4062254AB2000E981D3 /* script.cpp */ = {isa = PBXFileReference; fileEncoding = 4; lastKnownFileType = sourcecode.cpp.cpp; path = script.cpp; sourceTree = "<group>"; };
		5A1DF4082254AB2000E981D3 /* base58.h */ = {isa = PBXFileReference; fileEncoding = 4; lastKnownFileType = sourcecode.c.h; path = base58.h; sourceTree = "<group>"; };
		5A1DF4092254AB2000E981D3 /* blake2s.h */ = {isa = PBXFileReference; fileEncoding = 4; lastKnownFileType = sourcecode.c.h; path = blake2s.h; sourceTree = "<group>"; };
		5A1DF40A2254AB2000E981D3 /* sha3.h */ = {isa = PBXFileReference; fileEncoding = 4; lastKnownFileType = sourcecode.c.h; path = sha3.h; sourceTree = "<group>"; };
		5A1DF40B2254AB2000E981D3 /* bignum.cpp */ = {isa = PBXFileReference; fileEncoding = 4; lastKnownFileType = sourcecode.cpp.cpp; path = bignum.cpp; sourceTree = "<group>"; };
		5A1DF40C2254AB2000E981D3 /* memzero.cpp */ = {isa = PBXFileReference; fileEncoding = 4; lastKnownFileType = sourcecode.cpp.cpp; path = memzero.cpp; sourceTree = "<group>"; };
		5A1DF40D2254AB2000E981D3 /* address.h */ = {isa = PBXFileReference; fileEncoding = 4; lastKnownFileType = sourcecode.c.h; path = address.h; sourceTree = "<group>"; };
		5A1DF40E2254AB2000E981D3 /* rc4.cpp */ = {isa = PBXFileReference; fileEncoding = 4; lastKnownFileType = sourcecode.cpp.cpp; path = rc4.cpp; sourceTree = "<group>"; };
		5A1DF40F2254AB2000E981D3 /* blake2b.cpp */ = {isa = PBXFileReference; fileEncoding = 4; lastKnownFileType = sourcecode.cpp.cpp; path = blake2b.cpp; sourceTree = "<group>"; };
		5A1DF4102254AB2000E981D3 /* check_mem.h */ = {isa = PBXFileReference; fileEncoding = 4; lastKnownFileType = sourcecode.c.h; path = check_mem.h; sourceTree = "<group>"; };
		5A1DF4112254AB2000E981D3 /* rfc6979.cpp */ = {isa = PBXFileReference; fileEncoding = 4; lastKnownFileType = sourcecode.cpp.cpp; path = rfc6979.cpp; sourceTree = "<group>"; };
		5A1DF4122254AB2000E981D3 /* ecdsa.h */ = {isa = PBXFileReference; fileEncoding = 4; lastKnownFileType = sourcecode.c.h; path = ecdsa.h; sourceTree = "<group>"; };
		5A1DF4132254AB2000E981D3 /* sha2.cpp */ = {isa = PBXFileReference; fileEncoding = 4; lastKnownFileType = sourcecode.cpp.cpp; path = sha2.cpp; sourceTree = "<group>"; };
		5A1DF4142254AB2000E981D3 /* options.h */ = {isa = PBXFileReference; fileEncoding = 4; lastKnownFileType = sourcecode.c.h; path = options.h; sourceTree = "<group>"; };
		5A1DF4152254AB2000E981D3 /* blake2s.cpp */ = {isa = PBXFileReference; fileEncoding = 4; lastKnownFileType = sourcecode.cpp.cpp; path = blake2s.cpp; sourceTree = "<group>"; };
		5A1DF4162254AB2000E981D3 /* sha3.cpp */ = {isa = PBXFileReference; fileEncoding = 4; lastKnownFileType = sourcecode.cpp.cpp; path = sha3.cpp; sourceTree = "<group>"; };
		5A1DF4172254AB2000E981D3 /* CONTRIBUTORS */ = {isa = PBXFileReference; fileEncoding = 4; lastKnownFileType = text; path = CONTRIBUTORS; sourceTree = "<group>"; };
		5A1DF4182254AB2000E981D3 /* README.md */ = {isa = PBXFileReference; fileEncoding = 4; lastKnownFileType = net.daringfireball.markdown; path = README.md; sourceTree = "<group>"; };
		5A1DF4192254AB2000E981D3 /* bip39_english.h */ = {isa = PBXFileReference; fileEncoding = 4; lastKnownFileType = sourcecode.c.h; path = bip39_english.h; sourceTree = "<group>"; };
		5A1DF41A2254AB2000E981D3 /* hasher.h */ = {isa = PBXFileReference; fileEncoding = 4; lastKnownFileType = sourcecode.c.h; path = hasher.h; sourceTree = "<group>"; };
		5A1DF41B2254AB2000E981D3 /* hmac.cpp */ = {isa = PBXFileReference; fileEncoding = 4; lastKnownFileType = sourcecode.cpp.cpp; path = hmac.cpp; sourceTree = "<group>"; };
		5A1DF41C2254AB2000E981D3 /* ecdsa.cpp */ = {isa = PBXFileReference; fileEncoding = 4; lastKnownFileType = sourcecode.cpp.cpp; path = ecdsa.cpp; sourceTree = "<group>"; };
		5A1DF41D2254AB2000E981D3 /* hmac.h */ = {isa = PBXFileReference; fileEncoding = 4; lastKnownFileType = sourcecode.c.h; path = hmac.h; sourceTree = "<group>"; };
		5A1DF41E2254AB2000E981D3 /* rand.cpp */ = {isa = PBXFileReference; fileEncoding = 4; lastKnownFileType = sourcecode.cpp.cpp; path = rand.cpp; sourceTree = "<group>"; };
		5A1DF41F2254AB2000E981D3 /* secp256k1.table */ = {isa = PBXFileReference; fileEncoding = 4; lastKnownFileType = text; path = secp256k1.table; sourceTree = "<group>"; };
		5A1DF4202254AB2000E981D3 /* bip39.h */ = {isa = PBXFileReference; fileEncoding = 4; lastKnownFileType = sourcecode.c.h; path = bip39.h; sourceTree = "<group>"; };
		5A1DF4212254AB2000E981D3 /* .gitignore */ = {isa = PBXFileReference; fileEncoding = 4; lastKnownFileType = text; path = .gitignore; sourceTree = "<group>"; };
		5A1DF4222254AB2000E981D3 /* address.cpp */ = {isa = PBXFileReference; fileEncoding = 4; lastKnownFileType = sourcecode.cpp.cpp; path = address.cpp; sourceTree = "<group>"; };
		5A1DF4232254AB2000E981D3 /* rc4.h */ = {isa = PBXFileReference; fileEncoding = 4; lastKnownFileType = sourcecode.c.h; path = rc4.h; sourceTree = "<group>"; };
		5A1DF4242254AB2000E981D3 /* sha2.hpp */ = {isa = PBXFileReference; fileEncoding = 4; lastKnownFileType = sourcecode.cpp.h; path = sha2.hpp; sourceTree = "<group>"; };
		5A1DF4252254AB2000E981D3 /* rand.h */ = {isa = PBXFileReference; fileEncoding = 4; lastKnownFileType = sourcecode.c.h; path = rand.h; sourceTree = "<group>"; };
		5A1DF4262254AB2000E981D3 /* blake256.cpp */ = {isa = PBXFileReference; fileEncoding = 4; lastKnownFileType = sourcecode.cpp.cpp; path = blake256.cpp; sourceTree = "<group>"; };
		5A1DF4272254AB2000E981D3 /* groestl_internal.h */ = {isa = PBXFileReference; fileEncoding = 4; lastKnownFileType = sourcecode.c.h; path = groestl_internal.h; sourceTree = "<group>"; };
		5A1DF4282254AB2000E981D3 /* rfc6979.h */ = {isa = PBXFileReference; fileEncoding = 4; lastKnownFileType = sourcecode.c.h; path = rfc6979.h; sourceTree = "<group>"; };
		5A1DF4292254AB2000E981D3 /* curves.h */ = {isa = PBXFileReference; fileEncoding = 4; lastKnownFileType = sourcecode.c.h; path = curves.h; sourceTree = "<group>"; };
		5A1DF42A2254AB2000E981D3 /* blake2_common.h */ = {isa = PBXFileReference; fileEncoding = 4; lastKnownFileType = sourcecode.c.h; path = blake2_common.h; sourceTree = "<group>"; };
		5A1DF42B2254AB2000E981D3 /* ripemd160.cpp */ = {isa = PBXFileReference; fileEncoding = 4; lastKnownFileType = sourcecode.cpp.cpp; path = ripemd160.cpp; sourceTree = "<group>"; };
		5A1DF42C2254AB2000E981D3 /* blake256.h */ = {isa = PBXFileReference; fileEncoding = 4; lastKnownFileType = sourcecode.c.h; path = blake256.h; sourceTree = "<group>"; };
		5A1DF42D2254AB2000E981D3 /* bip39.cpp */ = {isa = PBXFileReference; fileEncoding = 4; lastKnownFileType = sourcecode.cpp.cpp; path = bip39.cpp; sourceTree = "<group>"; };
		5A1DF42E2254AB2000E981D3 /* .travis.yml */ = {isa = PBXFileReference; fileEncoding = 4; lastKnownFileType = text; path = .travis.yml; sourceTree = "<group>"; };
		5A1DF42F2254AB2000E981D3 /* pbkdf2.hpp */ = {isa = PBXFileReference; fileEncoding = 4; lastKnownFileType = sourcecode.cpp.h; path = pbkdf2.hpp; sourceTree = "<group>"; };
		5A1DF4302254AB2000E981D3 /* bignum.h */ = {isa = PBXFileReference; fileEncoding = 4; lastKnownFileType = sourcecode.c.h; path = bignum.h; sourceTree = "<group>"; };
		5A1DF4312254AB2000E981D3 /* secp256k1.cpp */ = {isa = PBXFileReference; fileEncoding = 4; lastKnownFileType = sourcecode.cpp.cpp; path = secp256k1.cpp; sourceTree = "<group>"; };
		5A1DF4322254AB2000E981D3 /* curves.cpp */ = {isa = PBXFileReference; fileEncoding = 4; lastKnownFileType = sourcecode.cpp.cpp; path = curves.cpp; sourceTree = "<group>"; };
		5A1DF4332254AB2000E981D3 /* groestl.cpp */ = {isa = PBXFileReference; fileEncoding = 4; lastKnownFileType = sourcecode.cpp.cpp; path = groestl.cpp; sourceTree = "<group>"; };
		5A1DF4342254AB2000E981D3 /* secp256k1.h */ = {isa = PBXFileReference; fileEncoding = 4; lastKnownFileType = sourcecode.c.h; path = secp256k1.h; sourceTree = "<group>"; };
		5A1DF4372254AB2000E981D3 /* win_endian.h */ = {isa = PBXFileReference; fileEncoding = 4; lastKnownFileType = sourcecode.c.h; path = win_endian.h; sourceTree = "<group>"; };
		5A1DF4382254AB2000E981D3 /* hmac_sha256.cpp */ = {isa = PBXFileReference; fileEncoding = 4; lastKnownFileType = sourcecode.cpp.cpp; path = hmac_sha256.cpp; sourceTree = "<group>"; };
		5A1DF4392254AB2000E981D3 /* hmac_sha512.h */ = {isa = PBXFileReference; fileEncoding = 4; lastKnownFileType = sourcecode.c.h; path = hmac_sha512.h; sourceTree = "<group>"; };
		5A1DF43A2254AB2000E981D3 /* sha256.h */ = {isa = PBXFileReference; fileEncoding = 4; lastKnownFileType = sourcecode.c.h; path = sha256.h; sourceTree = "<group>"; };
		5A1DF43B2254AB2000E981D3 /* sha512.cpp */ = {isa = PBXFileReference; fileEncoding = 4; lastKnownFileType = sourcecode.cpp.cpp; path = sha512.cpp; sourceTree = "<group>"; };
		5A1DF43C2254AB2000E981D3 /* hmac_sha256.h */ = {isa = PBXFileReference; fileEncoding = 4; lastKnownFileType = sourcecode.c.h; path = hmac_sha256.h; sourceTree = "<group>"; };
		5A1DF43D2254AB2000E981D3 /* sha512.h */ = {isa = PBXFileReference; fileEncoding = 4; lastKnownFileType = sourcecode.c.h; path = sha512.h; sourceTree = "<group>"; };
		5A1DF43E2254AB2000E981D3 /* hmac_sha512.cpp */ = {isa = PBXFileReference; fileEncoding = 4; lastKnownFileType = sourcecode.cpp.cpp; path = hmac_sha512.cpp; sourceTree = "<group>"; };
		5A1DF43F2254AB2000E981D3 /* common.h */ = {isa = PBXFileReference; fileEncoding = 4; lastKnownFileType = sourcecode.c.h; path = common.h; sourceTree = "<group>"; };
		5A1DF4402254AB2000E981D3 /* sha256.cpp */ = {isa = PBXFileReference; fileEncoding = 4; lastKnownFileType = sourcecode.cpp.cpp; path = sha256.cpp; sourceTree = "<group>"; };
		5A1DF4412254AB2000E981D3 /* sha256_sse4.cpp */ = {isa = PBXFileReference; fileEncoding = 4; lastKnownFileType = sourcecode.cpp.cpp; path = sha256_sse4.cpp; sourceTree = "<group>"; };
		5A1DF4422254AB2000E981D3 /* wordlist.cpp */ = {isa = PBXFileReference; fileEncoding = 4; lastKnownFileType = sourcecode.cpp.cpp; path = wordlist.cpp; sourceTree = "<group>"; };
		5A1DF4432254AB2000E981D3 /* internal.h */ = {isa = PBXFileReference; fileEncoding = 4; lastKnownFileType = sourcecode.c.h; path = internal.h; sourceTree = "<group>"; };
		5A1DF4442254AB2000E981D3 /* wordlist.h */ = {isa = PBXFileReference; fileEncoding = 4; lastKnownFileType = sourcecode.c.h; path = wordlist.h; sourceTree = "<group>"; };
		5A1DF4452254AB2000E981D3 /* bip39_core.h */ = {isa = PBXFileReference; fileEncoding = 4; lastKnownFileType = sourcecode.c.h; path = bip39_core.h; sourceTree = "<group>"; };
		5A1DF4462254AB2000E981D3 /* config.h */ = {isa = PBXFileReference; fileEncoding = 4; lastKnownFileType = sourcecode.c.h; path = config.h; sourceTree = "<group>"; };
		5A1DF4472254AB2000E981D3 /* mnemonic.h */ = {isa = PBXFileReference; fileEncoding = 4; lastKnownFileType = sourcecode.c.h; path = mnemonic.h; sourceTree = "<group>"; };
		5A1DF4482254AB2000E981D3 /* config.h.in */ = {isa = PBXFileReference; fileEncoding = 4; lastKnownFileType = text; path = config.h.in; sourceTree = "<group>"; };
		5A1DF4492254AB2000E981D3 /* mnemonic.cpp */ = {isa = PBXFileReference; fileEncoding = 4; lastKnownFileType = sourcecode.cpp.cpp; path = mnemonic.cpp; sourceTree = "<group>"; };
		5A1DF44B2254AB2000E981D3 /* utils.h */ = {isa = PBXFileReference; fileEncoding = 4; lastKnownFileType = sourcecode.c.h; path = utils.h; sourceTree = "<group>"; };
		5A1DF44C2254AB2000E981D3 /* HDKeyEncoder.h */ = {isa = PBXFileReference; fileEncoding = 4; lastKnownFileType = sourcecode.c.h; path = HDKeyEncoder.h; sourceTree = "<group>"; };
		5A1DF44D2254AB2000E981D3 /* utils.cpp */ = {isa = PBXFileReference; fileEncoding = 4; lastKnownFileType = sourcecode.cpp.cpp; path = utils.cpp; sourceTree = "<group>"; };
		5A1DF44E2254AB2000E981D3 /* Bip39Mnemonic.h */ = {isa = PBXFileReference; fileEncoding = 4; lastKnownFileType = sourcecode.c.h; path = Bip39Mnemonic.h; sourceTree = "<group>"; };
		5A1DF44F2254AB2000E981D3 /* PCGRand.hpp */ = {isa = PBXFileReference; fileEncoding = 4; lastKnownFileType = sourcecode.cpp.h; path = PCGRand.hpp; sourceTree = "<group>"; };
		5A1DF4502254AB2000E981D3 /* HDKeyEncoder.cpp */ = {isa = PBXFileReference; fileEncoding = 4; lastKnownFileType = sourcecode.cpp.cpp; path = HDKeyEncoder.cpp; sourceTree = "<group>"; };
		5A1DF4512254AB2000E981D3 /* Bip39Mnemonic.cpp */ = {isa = PBXFileReference; fileEncoding = 4; lastKnownFileType = sourcecode.cpp.cpp; path = Bip39Mnemonic.cpp; sourceTree = "<group>"; };
		5A1DF4522254AB2000E981D3 /* uint256_t.hpp */ = {isa = PBXFileReference; fileEncoding = 4; lastKnownFileType = sourcecode.cpp.h; path = uint256_t.hpp; sourceTree = "<group>"; };
		5A1DF4532254AB2000E981D3 /* bip39.h */ = {isa = PBXFileReference; fileEncoding = 4; lastKnownFileType = sourcecode.c.h; path = bip39.h; sourceTree = "<group>"; };
		5A1DF4552254AB2000E981D3 /* internal.cpp */ = {isa = PBXFileReference; fileEncoding = 4; lastKnownFileType = sourcecode.cpp.cpp; path = internal.cpp; sourceTree = "<group>"; };
		5A1DF4572254AB2000E981D3 /* bip39.cpp */ = {isa = PBXFileReference; fileEncoding = 4; lastKnownFileType = sourcecode.cpp.cpp; path = bip39.cpp; sourceTree = "<group>"; };
		5A1DF4592254AB2000E981D3 /* pbkdf2_hmac_sha_vectors.txt */ = {isa = PBXFileReference; fileEncoding = 4; lastKnownFileType = text; path = pbkdf2_hmac_sha_vectors.txt; sourceTree = "<group>"; };
		5A1DF45B2254AB2000E981D3 /* chinese_traditional.txt */ = {isa = PBXFileReference; fileEncoding = 4; lastKnownFileType = text; path = chinese_traditional.txt; sourceTree = "<group>"; };
		5A1DF45C2254AB2000E981D3 /* japanese.txt */ = {isa = PBXFileReference; fileEncoding = 4; lastKnownFileType = text; path = japanese.txt; sourceTree = "<group>"; };
		5A1DF45D2254AB2000E981D3 /* chinese_simplified.cpp */ = {isa = PBXFileReference; fileEncoding = 4; lastKnownFileType = sourcecode.cpp.cpp; path = chinese_simplified.cpp; sourceTree = "<group>"; };
		5A1DF45E2254AB2000E981D3 /* english.cpp */ = {isa = PBXFileReference; fileEncoding = 4; lastKnownFileType = sourcecode.cpp.cpp; path = english.cpp; sourceTree = "<group>"; };
		5A1DF45F2254AB2000E981D3 /* spanish.cpp */ = {isa = PBXFileReference; fileEncoding = 4; lastKnownFileType = sourcecode.cpp.cpp; path = spanish.cpp; sourceTree = "<group>"; };
		5A1DF4602254AB2000E981D3 /* french.txt */ = {isa = PBXFileReference; fileEncoding = 4; lastKnownFileType = text; path = french.txt; sourceTree = "<group>"; };
		5A1DF4612254AB2000E981D3 /* italian.cpp */ = {isa = PBXFileReference; fileEncoding = 4; lastKnownFileType = sourcecode.cpp.cpp; path = italian.cpp; sourceTree = "<group>"; };
		5A1DF4622254AB2000E981D3 /* README */ = {isa = PBXFileReference; fileEncoding = 4; lastKnownFileType = text; path = README; sourceTree = "<group>"; };
		5A1DF4632254AB2000E981D3 /* chinese_simplified.txt */ = {isa = PBXFileReference; fileEncoding = 4; lastKnownFileType = text; path = chinese_simplified.txt; sourceTree = "<group>"; };
		5A1DF4642254AB2000E981D3 /* japanese.cpp */ = {isa = PBXFileReference; fileEncoding = 4; lastKnownFileType = sourcecode.cpp.cpp; path = japanese.cpp; sourceTree = "<group>"; };
		5A1DF4652254AB2000E981D3 /* vectors.json */ = {isa = PBXFileReference; fileEncoding = 4; lastKnownFileType = text.json; path = vectors.json; sourceTree = "<group>"; };
		5A1DF4662254AB2000E981D3 /* chinese_traditional.cpp */ = {isa = PBXFileReference; fileEncoding = 4; lastKnownFileType = sourcecode.cpp.cpp; path = chinese_traditional.cpp; sourceTree = "<group>"; };
		5A1DF4672254AB2000E981D3 /* english.txt */ = {isa = PBXFileReference; fileEncoding = 4; lastKnownFileType = text; path = english.txt; sourceTree = "<group>"; };
		5A1DF4682254AB2000E981D3 /* spanish.txt */ = {isa = PBXFileReference; fileEncoding = 4; lastKnownFileType = text; path = spanish.txt; sourceTree = "<group>"; };
		5A1DF4692254AB2000E981D3 /* italian.txt */ = {isa = PBXFileReference; fileEncoding = 4; lastKnownFileType = text; path = italian.txt; sourceTree = "<group>"; };
		5A1DF46A2254AB2000E981D3 /* french.cpp */ = {isa = PBXFileReference; fileEncoding = 4; lastKnownFileType = sourcecode.cpp.cpp; path = french.cpp; sourceTree = "<group>"; };
		5A1DF46B2254AB2000E981D3 /* aes-cbc-pkcs7.txt */ = {isa = PBXFileReference; fileEncoding = 4; lastKnownFileType = text; path = "aes-cbc-pkcs7.txt"; sourceTree = "<group>"; };
		5A1DF46C2254AB2000E981D3 /* ecdsa_secp256k1_vectors.txt */ = {isa = PBXFileReference; fileEncoding = 4; lastKnownFileType = text; path = ecdsa_secp256k1_vectors.txt; sourceTree = "<group>"; };
		5A1DF46D2254AB2000E981D3 /* address_vectors.txt */ = {isa = PBXFileReference; fileEncoding = 4; lastKnownFileType = text; path = address_vectors.txt; sourceTree = "<group>"; };
		B3E7B5881CC2AC0600A0062D /* PotatoCrypto.h */ = {isa = PBXFileReference; fileEncoding = 4; lastKnownFileType = sourcecode.c.h; path = PotatoCrypto.h; sourceTree = "<group>"; };
		B3E7B5891CC2AC0600A0062D /* PotatoCrypto.m */ = {isa = PBXFileReference; fileEncoding = 4; lastKnownFileType = sourcecode.c.objc; path = PotatoCrypto.m; sourceTree = "<group>"; };
/* End PBXFileReference section */

/* Begin PBXFrameworksBuildPhase section */
		58B511D81A9E6C8500147676 /* Frameworks */ = {
			isa = PBXFrameworksBuildPhase;
			buildActionMask = 2147483647;
			files = (
				5A1DF312225486C100E981D3 /* libc++.tbd in Frameworks */,
			);
			runOnlyForDeploymentPostprocessing = 0;
		};
/* End PBXFrameworksBuildPhase section */

/* Begin PBXGroup section */
		134814211AA4EA7D00B7C361 /* Products */ = {
			isa = PBXGroup;
			children = (
				134814201AA4EA6300B7C361 /* libPotatoCrypto.a */,
			);
			name = Products;
			sourceTree = "<group>";
		};
		58B511D21A9E6C8500147676 = {
			isa = PBXGroup;
			children = (
				5A1DF4352254AB2000E981D3 /* bip39 */,
				5A1DF3FA2254AB2000E981D3 /* crypto */,
				B3E7B5881CC2AC0600A0062D /* PotatoCrypto.h */,
				B3E7B5891CC2AC0600A0062D /* PotatoCrypto.m */,
				134814211AA4EA7D00B7C361 /* Products */,
				5A1DF310225486C100E981D3 /* Frameworks */,
			);
			sourceTree = "<group>";
		};
		5A1DF310225486C100E981D3 /* Frameworks */ = {
			isa = PBXGroup;
			children = (
				5A1DF311225486C100E981D3 /* libc++.tbd */,
			);
			name = Frameworks;
			sourceTree = "<group>";
		};
		5A1DF3FA2254AB2000E981D3 /* crypto */ = {
			isa = PBXGroup;
			children = (
				5A1DF3FB2254AB2000E981D3 /* groestl.h */,
				5A1DF3FC2254AB2000E981D3 /* ripemd160.h */,
				5A1DF3FD2254AB2000E981D3 /* script.h */,
				5A1DF3FF2254AB2000E981D3 /* pbkdf2.cpp */,
				5A1DF4002254AB2000E981D3 /* hasher.cpp */,
				5A1DF4012254AB2000E981D3 /* blake2b.h */,
				5A1DF4032254AB2000E981D3 /* base58.cpp */,
				5A1DF4042254AB2000E981D3 /* memzero.h */,
				5A1DF4062254AB2000E981D3 /* script.cpp */,
				5A1DF4082254AB2000E981D3 /* base58.h */,
				5A1DF4092254AB2000E981D3 /* blake2s.h */,
				5A1DF40A2254AB2000E981D3 /* sha3.h */,
				5A1DF40B2254AB2000E981D3 /* bignum.cpp */,
				5A1DF40C2254AB2000E981D3 /* memzero.cpp */,
				5A1DF40D2254AB2000E981D3 /* address.h */,
				5A1DF40E2254AB2000E981D3 /* rc4.cpp */,
				5A1DF40F2254AB2000E981D3 /* blake2b.cpp */,
				5A1DF4102254AB2000E981D3 /* check_mem.h */,
				5A1DF4112254AB2000E981D3 /* rfc6979.cpp */,
				5A1DF4122254AB2000E981D3 /* ecdsa.h */,
				5A1DF4132254AB2000E981D3 /* sha2.cpp */,
				5A1DF4142254AB2000E981D3 /* options.h */,
				5A1DF4152254AB2000E981D3 /* blake2s.cpp */,
				5A1DF4162254AB2000E981D3 /* sha3.cpp */,
				5A1DF4172254AB2000E981D3 /* CONTRIBUTORS */,
				5A1DF4182254AB2000E981D3 /* README.md */,
				5A1DF4192254AB2000E981D3 /* bip39_english.h */,
				5A1DF41A2254AB2000E981D3 /* hasher.h */,
				5A1DF41B2254AB2000E981D3 /* hmac.cpp */,
				5A1DF41C2254AB2000E981D3 /* ecdsa.cpp */,
				5A1DF41D2254AB2000E981D3 /* hmac.h */,
				5A1DF41E2254AB2000E981D3 /* rand.cpp */,
				5A1DF41F2254AB2000E981D3 /* secp256k1.table */,
				5A1DF4202254AB2000E981D3 /* bip39.h */,
				5A1DF4212254AB2000E981D3 /* .gitignore */,
				5A1DF4222254AB2000E981D3 /* address.cpp */,
				5A1DF4232254AB2000E981D3 /* rc4.h */,
				5A1DF4242254AB2000E981D3 /* sha2.hpp */,
				5A1DF4252254AB2000E981D3 /* rand.h */,
				5A1DF4262254AB2000E981D3 /* blake256.cpp */,
				5A1DF4272254AB2000E981D3 /* groestl_internal.h */,
				5A1DF4282254AB2000E981D3 /* rfc6979.h */,
				5A1DF4292254AB2000E981D3 /* curves.h */,
				5A1DF42A2254AB2000E981D3 /* blake2_common.h */,
				5A1DF42B2254AB2000E981D3 /* ripemd160.cpp */,
				5A1DF42C2254AB2000E981D3 /* blake256.h */,
				5A1DF42D2254AB2000E981D3 /* bip39.cpp */,
				5A1DF42E2254AB2000E981D3 /* .travis.yml */,
				5A1DF42F2254AB2000E981D3 /* pbkdf2.hpp */,
				5A1DF4302254AB2000E981D3 /* bignum.h */,
				5A1DF4312254AB2000E981D3 /* secp256k1.cpp */,
				5A1DF4322254AB2000E981D3 /* curves.cpp */,
				5A1DF4332254AB2000E981D3 /* groestl.cpp */,
				5A1DF4342254AB2000E981D3 /* secp256k1.h */,
			);
			name = crypto;
			path = ../crypto;
			sourceTree = "<group>";
		};
		5A1DF4352254AB2000E981D3 /* bip39 */ = {
			isa = PBXGroup;
			children = (
				5A1DF4362254AB2000E981D3 /* crypto */,
				5A1DF4422254AB2000E981D3 /* wordlist.cpp */,
				5A1DF4432254AB2000E981D3 /* internal.h */,
				5A1DF4442254AB2000E981D3 /* wordlist.h */,
				5A1DF4452254AB2000E981D3 /* bip39_core.h */,
				5A1DF4462254AB2000E981D3 /* config.h */,
				5A1DF4472254AB2000E981D3 /* mnemonic.h */,
				5A1DF4482254AB2000E981D3 /* config.h.in */,
				5A1DF4492254AB2000E981D3 /* mnemonic.cpp */,
				5A1DF44A2254AB2000E981D3 /* minter */,
				5A1DF4532254AB2000E981D3 /* bip39.h */,
				5A1DF4552254AB2000E981D3 /* internal.cpp */,
				5A1DF4572254AB2000E981D3 /* bip39.cpp */,
				5A1DF4582254AB2000E981D3 /* data */,
			);
			name = bip39;
			path = ../bip39;
			sourceTree = "<group>";
		};
		5A1DF4362254AB2000E981D3 /* crypto */ = {
			isa = PBXGroup;
			children = (
				5A1DF4372254AB2000E981D3 /* win_endian.h */,
				5A1DF4382254AB2000E981D3 /* hmac_sha256.cpp */,
				5A1DF4392254AB2000E981D3 /* hmac_sha512.h */,
				5A1DF43A2254AB2000E981D3 /* sha256.h */,
				5A1DF43B2254AB2000E981D3 /* sha512.cpp */,
				5A1DF43C2254AB2000E981D3 /* hmac_sha256.h */,
				5A1DF43D2254AB2000E981D3 /* sha512.h */,
				5A1DF43E2254AB2000E981D3 /* hmac_sha512.cpp */,
				5A1DF43F2254AB2000E981D3 /* common.h */,
				5A1DF4402254AB2000E981D3 /* sha256.cpp */,
				5A1DF4412254AB2000E981D3 /* sha256_sse4.cpp */,
			);
			path = crypto;
			sourceTree = "<group>";
		};
		5A1DF44A2254AB2000E981D3 /* minter */ = {
			isa = PBXGroup;
			children = (
				5A1DF44B2254AB2000E981D3 /* utils.h */,
				5A1DF44C2254AB2000E981D3 /* HDKeyEncoder.h */,
				5A1DF44D2254AB2000E981D3 /* utils.cpp */,
				5A1DF44E2254AB2000E981D3 /* Bip39Mnemonic.h */,
				5A1DF44F2254AB2000E981D3 /* PCGRand.hpp */,
				5A1DF4502254AB2000E981D3 /* HDKeyEncoder.cpp */,
				5A1DF4512254AB2000E981D3 /* Bip39Mnemonic.cpp */,
				5A1DF4522254AB2000E981D3 /* uint256_t.hpp */,
			);
			path = minter;
			sourceTree = "<group>";
		};
		5A1DF4582254AB2000E981D3 /* data */ = {
			isa = PBXGroup;
			children = (
				5A1DF4592254AB2000E981D3 /* pbkdf2_hmac_sha_vectors.txt */,
				5A1DF45A2254AB2000E981D3 /* wordlists */,
				5A1DF46B2254AB2000E981D3 /* aes-cbc-pkcs7.txt */,
				5A1DF46C2254AB2000E981D3 /* ecdsa_secp256k1_vectors.txt */,
				5A1DF46D2254AB2000E981D3 /* address_vectors.txt */,
			);
			path = data;
			sourceTree = "<group>";
		};
		5A1DF45A2254AB2000E981D3 /* wordlists */ = {
			isa = PBXGroup;
			children = (
				5A1DF45B2254AB2000E981D3 /* chinese_traditional.txt */,
				5A1DF45C2254AB2000E981D3 /* japanese.txt */,
				5A1DF45D2254AB2000E981D3 /* chinese_simplified.cpp */,
				5A1DF45E2254AB2000E981D3 /* english.cpp */,
				5A1DF45F2254AB2000E981D3 /* spanish.cpp */,
				5A1DF4602254AB2000E981D3 /* french.txt */,
				5A1DF4612254AB2000E981D3 /* italian.cpp */,
				5A1DF4622254AB2000E981D3 /* README */,
				5A1DF4632254AB2000E981D3 /* chinese_simplified.txt */,
				5A1DF4642254AB2000E981D3 /* japanese.cpp */,
				5A1DF4652254AB2000E981D3 /* vectors.json */,
				5A1DF4662254AB2000E981D3 /* chinese_traditional.cpp */,
				5A1DF4672254AB2000E981D3 /* english.txt */,
				5A1DF4682254AB2000E981D3 /* spanish.txt */,
				5A1DF4692254AB2000E981D3 /* italian.txt */,
				5A1DF46A2254AB2000E981D3 /* french.cpp */,
			);
			path = wordlists;
			sourceTree = "<group>";
		};
/* End PBXGroup section */

/* Begin PBXNativeTarget section */
		58B511DA1A9E6C8500147676 /* PotatoCrypto */ = {
			isa = PBXNativeTarget;
			buildConfigurationList = 58B511EF1A9E6C8500147676 /* Build configuration list for PBXNativeTarget "PotatoCrypto" */;
			buildPhases = (
				58B511D71A9E6C8500147676 /* Sources */,
				58B511D81A9E6C8500147676 /* Frameworks */,
				58B511D91A9E6C8500147676 /* CopyFiles */,
			);
			buildRules = (
			);
			dependencies = (
			);
			name = PotatoCrypto;
			productName = RCTDataManager;
			productReference = 134814201AA4EA6300B7C361 /* libPotatoCrypto.a */;
			productType = "com.apple.product-type.library.static";
		};
/* End PBXNativeTarget section */

/* Begin PBXProject section */
		58B511D31A9E6C8500147676 /* Project object */ = {
			isa = PBXProject;
			attributes = {
				LastUpgradeCheck = 0920;
				ORGANIZATIONNAME = Facebook;
				TargetAttributes = {
					58B511DA1A9E6C8500147676 = {
						CreatedOnToolsVersion = 6.1.1;
					};
				};
			};
			buildConfigurationList = 58B511D61A9E6C8500147676 /* Build configuration list for PBXProject "PotatoCrypto" */;
			compatibilityVersion = "Xcode 3.2";
			developmentRegion = English;
			hasScannedForEncodings = 0;
			knownRegions = (
				English,
				en,
			);
			mainGroup = 58B511D21A9E6C8500147676;
			productRefGroup = 58B511D21A9E6C8500147676;
			projectDirPath = "";
			projectRoot = "";
			targets = (
				58B511DA1A9E6C8500147676 /* PotatoCrypto */,
			);
		};
/* End PBXProject section */

/* Begin PBXSourcesBuildPhase section */
		58B511D71A9E6C8500147676 /* Sources */ = {
			isa = PBXSourcesBuildPhase;
			buildActionMask = 2147483647;
			files = (
				5A1DF4822254AB2000E981D3 /* secp256k1.cpp in Sources */,
				5A1DF4862254AB2000E981D3 /* sha512.cpp in Sources */,
				5A1DF4942254AB2000E981D3 /* spanish.cpp in Sources */,
				5A1DF4792254AB2000E981D3 /* blake2s.cpp in Sources */,
				5A1DF4752254AB2000E981D3 /* rc4.cpp in Sources */,
				5A1DF4882254AB2000E981D3 /* sha256.cpp in Sources */,
				5A1DF4812254AB2000E981D3 /* bip39.cpp in Sources */,
				5A1DF4732254AB2000E981D3 /* bignum.cpp in Sources */,
				5A1DF47A2254AB2000E981D3 /* sha3.cpp in Sources */,
				5A1DF4832254AB2000E981D3 /* curves.cpp in Sources */,
				5A1DF4762254AB2000E981D3 /* blake2b.cpp in Sources */,
				5A1DF48C2254AB2000E981D3 /* utils.cpp in Sources */,
				5A1DF48F2254AB2000E981D3 /* internal.cpp in Sources */,
				5A1DF4802254AB2000E981D3 /* ripemd160.cpp in Sources */,
				5A1DF46E2254AB2000E981D3 /* pbkdf2.cpp in Sources */,
				5A1DF4742254AB2000E981D3 /* memzero.cpp in Sources */,
				5A1DF4982254AB2000E981D3 /* french.cpp in Sources */,
				5A1DF4852254AB2000E981D3 /* hmac_sha256.cpp in Sources */,
				5A1DF4842254AB2000E981D3 /* groestl.cpp in Sources */,
				5A1DF4912254AB2000E981D3 /* bip39.cpp in Sources */,
				5A1DF47B2254AB2000E981D3 /* hmac.cpp in Sources */,
				5A1DF48A2254AB2000E981D3 /* wordlist.cpp in Sources */,
				5A1DF4952254AB2000E981D3 /* italian.cpp in Sources */,
				5A1DF4932254AB2000E981D3 /* english.cpp in Sources */,
				5A1DF4712254AB2000E981D3 /* script.cpp in Sources */,
				5A1DF4972254AB2000E981D3 /* chinese_traditional.cpp in Sources */,
				5A1DF47E2254AB2000E981D3 /* address.cpp in Sources */,
				5A1DF4962254AB2000E981D3 /* japanese.cpp in Sources */,
				5A1DF4892254AB2000E981D3 /* sha256_sse4.cpp in Sources */,
				5A1DF48B2254AB2000E981D3 /* mnemonic.cpp in Sources */,
				5A1DF47C2254AB2000E981D3 /* ecdsa.cpp in Sources */,
				5A1DF47F2254AB2000E981D3 /* blake256.cpp in Sources */,
				5A1DF48E2254AB2000E981D3 /* Bip39Mnemonic.cpp in Sources */,
				5A1DF46F2254AB2000E981D3 /* hasher.cpp in Sources */,
				B3E7B58A1CC2AC0600A0062D /* PotatoCrypto.m in Sources */,
				5A1DF4922254AB2000E981D3 /* chinese_simplified.cpp in Sources */,
				5A1DF4772254AB2000E981D3 /* rfc6979.cpp in Sources */,
				5A1DF4872254AB2000E981D3 /* hmac_sha512.cpp in Sources */,
				5A1DF4702254AB2000E981D3 /* base58.cpp in Sources */,
				5A1DF47D2254AB2000E981D3 /* rand.cpp in Sources */,
				5A1DF4782254AB2000E981D3 /* sha2.cpp in Sources */,
				5A1DF48D2254AB2000E981D3 /* HDKeyEncoder.cpp in Sources */,
			);
			runOnlyForDeploymentPostprocessing = 0;
		};
/* End PBXSourcesBuildPhase section */

/* Begin XCBuildConfiguration section */
		58B511ED1A9E6C8500147676 /* Debug */ = {
			isa = XCBuildConfiguration;
			buildSettings = {
				ALWAYS_SEARCH_USER_PATHS = NO;
				CLANG_CXX_LANGUAGE_STANDARD = "gnu++0x";
				CLANG_CXX_LIBRARY = "libc++";
				CLANG_ENABLE_MODULES = YES;
				CLANG_ENABLE_OBJC_ARC = YES;
				CLANG_WARN_BLOCK_CAPTURE_AUTORELEASING = YES;
				CLANG_WARN_BOOL_CONVERSION = YES;
				CLANG_WARN_COMMA = YES;
				CLANG_WARN_CONSTANT_CONVERSION = YES;
				CLANG_WARN_DIRECT_OBJC_ISA_USAGE = YES_ERROR;
				CLANG_WARN_EMPTY_BODY = YES;
				CLANG_WARN_ENUM_CONVERSION = YES;
				CLANG_WARN_INFINITE_RECURSION = YES;
				CLANG_WARN_INT_CONVERSION = YES;
				CLANG_WARN_NON_LITERAL_NULL_CONVERSION = YES;
				CLANG_WARN_OBJC_LITERAL_CONVERSION = YES;
				CLANG_WARN_OBJC_ROOT_CLASS = YES_ERROR;
				CLANG_WARN_RANGE_LOOP_ANALYSIS = YES;
				CLANG_WARN_STRICT_PROTOTYPES = YES;
				CLANG_WARN_SUSPICIOUS_MOVE = YES;
				CLANG_WARN_UNREACHABLE_CODE = YES;
				CLANG_WARN__DUPLICATE_METHOD_MATCH = YES;
				COPY_PHASE_STRIP = NO;
				ENABLE_STRICT_OBJC_MSGSEND = YES;
				ENABLE_TESTABILITY = YES;
				GCC_C_LANGUAGE_STANDARD = gnu99;
				GCC_DYNAMIC_NO_PIC = NO;
				GCC_NO_COMMON_BLOCKS = YES;
				GCC_OPTIMIZATION_LEVEL = 0;
				GCC_PREPROCESSOR_DEFINITIONS = (
					"DEBUG=1",
					"$(inherited)",
				);
				GCC_SYMBOLS_PRIVATE_EXTERN = NO;
				GCC_WARN_64_TO_32_BIT_CONVERSION = YES;
				GCC_WARN_ABOUT_RETURN_TYPE = YES_ERROR;
				GCC_WARN_UNDECLARED_SELECTOR = YES;
				GCC_WARN_UNINITIALIZED_AUTOS = YES_AGGRESSIVE;
				GCC_WARN_UNUSED_FUNCTION = YES;
				GCC_WARN_UNUSED_VARIABLE = YES;
				IPHONEOS_DEPLOYMENT_TARGET = 8.0;
				MTL_ENABLE_DEBUG_INFO = YES;
				ONLY_ACTIVE_ARCH = YES;
				SDKROOT = iphoneos;
			};
			name = Debug;
		};
		58B511EE1A9E6C8500147676 /* Release */ = {
			isa = XCBuildConfiguration;
			buildSettings = {
				ALWAYS_SEARCH_USER_PATHS = NO;
				CLANG_CXX_LANGUAGE_STANDARD = "gnu++0x";
				CLANG_CXX_LIBRARY = "libc++";
				CLANG_ENABLE_MODULES = YES;
				CLANG_ENABLE_OBJC_ARC = YES;
				CLANG_WARN_BLOCK_CAPTURE_AUTORELEASING = YES;
				CLANG_WARN_BOOL_CONVERSION = YES;
				CLANG_WARN_COMMA = YES;
				CLANG_WARN_CONSTANT_CONVERSION = YES;
				CLANG_WARN_DIRECT_OBJC_ISA_USAGE = YES_ERROR;
				CLANG_WARN_EMPTY_BODY = YES;
				CLANG_WARN_ENUM_CONVERSION = YES;
				CLANG_WARN_INFINITE_RECURSION = YES;
				CLANG_WARN_INT_CONVERSION = YES;
				CLANG_WARN_NON_LITERAL_NULL_CONVERSION = YES;
				CLANG_WARN_OBJC_LITERAL_CONVERSION = YES;
				CLANG_WARN_OBJC_ROOT_CLASS = YES_ERROR;
				CLANG_WARN_RANGE_LOOP_ANALYSIS = YES;
				CLANG_WARN_STRICT_PROTOTYPES = YES;
				CLANG_WARN_SUSPICIOUS_MOVE = YES;
				CLANG_WARN_UNREACHABLE_CODE = YES;
				CLANG_WARN__DUPLICATE_METHOD_MATCH = YES;
				COPY_PHASE_STRIP = YES;
				ENABLE_NS_ASSERTIONS = NO;
				ENABLE_STRICT_OBJC_MSGSEND = YES;
				GCC_C_LANGUAGE_STANDARD = gnu99;
				GCC_NO_COMMON_BLOCKS = YES;
				GCC_WARN_64_TO_32_BIT_CONVERSION = YES;
				GCC_WARN_ABOUT_RETURN_TYPE = YES_ERROR;
				GCC_WARN_UNDECLARED_SELECTOR = YES;
				GCC_WARN_UNINITIALIZED_AUTOS = YES_AGGRESSIVE;
				GCC_WARN_UNUSED_FUNCTION = YES;
				GCC_WARN_UNUSED_VARIABLE = YES;
				IPHONEOS_DEPLOYMENT_TARGET = 8.0;
				MTL_ENABLE_DEBUG_INFO = NO;
				SDKROOT = iphoneos;
				VALIDATE_PRODUCT = YES;
			};
			name = Release;
		};
		58B511F01A9E6C8500147676 /* Debug */ = {
			isa = XCBuildConfiguration;
			buildSettings = {
				CLANG_CXX_LANGUAGE_STANDARD = "gnu++0x";
				HEADER_SEARCH_PATHS = (
					"$(inherited)",
					/Applications/Xcode.app/Contents/Developer/Toolchains/XcodeDefault.xctoolchain/usr/include,
					"$(SRCROOT)/../../../React/**",
					"$(SRCROOT)/../../react-native/React/**",
					"$(SRCROOT)/../../react-native/Libraries/**",
					"$(SRCROOT)/../crypto/**",
					"$(SRCROOT)/../bip39/**",
					"$(SRCROOT)/../node_modules/react-native/React/**",
				);
				LIBRARY_SEARCH_PATHS = "$(inherited)";
				OTHER_LDFLAGS = "-ObjC";
				PRODUCT_NAME = PotatoCrypto;
				SKIP_INSTALL = YES;
			};
			name = Debug;
		};
		58B511F11A9E6C8500147676 /* Release */ = {
			isa = XCBuildConfiguration;
			buildSettings = {
				CLANG_CXX_LANGUAGE_STANDARD = "gnu++0x";
				HEADER_SEARCH_PATHS = (
					"$(inherited)",
					/Applications/Xcode.app/Contents/Developer/Toolchains/XcodeDefault.xctoolchain/usr/include,
					"$(SRCROOT)/../../../React/**",
					"$(SRCROOT)/../../react-native/React/**",
					"$(SRCROOT)/../../react-native/Libraries/**",
					"$(SRCROOT)/../crypto/**",
					"$(SRCROOT)/../bip39/**",
					"$(SRCROOT)/../node_modules/react-native/React/**",
				);
				LIBRARY_SEARCH_PATHS = "$(inherited)";
				OTHER_LDFLAGS = "-ObjC";
				PRODUCT_NAME = PotatoCrypto;
				SKIP_INSTALL = YES;
			};
			name = Release;
		};
/* End XCBuildConfiguration section */

/* Begin XCConfigurationList section */
		58B511D61A9E6C8500147676 /* Build configuration list for PBXProject "PotatoCrypto" */ = {
			isa = XCConfigurationList;
			buildConfigurations = (
				58B511ED1A9E6C8500147676 /* Debug */,
				58B511EE1A9E6C8500147676 /* Release */,
			);
			defaultConfigurationIsVisible = 0;
			defaultConfigurationName = Release;
		};
		58B511EF1A9E6C8500147676 /* Build configuration list for PBXNativeTarget "PotatoCrypto" */ = {
			isa = XCConfigurationList;
			buildConfigurations = (
				58B511F01A9E6C8500147676 /* Debug */,
				58B511F11A9E6C8500147676 /* Release */,
			);
			defaultConfigurationIsVisible = 0;
			defaultConfigurationName = Release;
		};
/* End XCConfigurationList section */
	};
	rootObject = 58B511D31A9E6C8500147676 /* Project object */;
}
